
Microsoft Visual Studio Solution File, Format Version 12.00
# Visual Studio Version 17
VisualStudioVersion = 17.7.34031.279
MinimumVisualStudioVersion = 10.0.40219.1
Project("{9A19103F-16F7-4668-BE54-9A1E7A4F7556}") = "RetroRecords_RecordAPI", "RetroRecords_RecordAPI\RetroRecords_RecordAPI.csproj", "{EF720ABF-B9D9-4B69-B74F-2F5987F39B7C}"
EndProject
Project("{FAE04EC0-301F-11D3-BF4B-00C04F79EFBC}") = "RetroRecords.DataAccess", "RetroRecords_DataAccess\RetroRecords.DataAccess.csproj", "{2F00E759-9ECA-4B56-B098-906C1D9F1B02}"
EndProject
Global
	GlobalSection(SolutionConfigurationPlatforms) = preSolution
		Debug|Any CPU = Debug|Any CPU
		Release|Any CPU = Release|Any CPU
	EndGlobalSection
	GlobalSection(ProjectConfigurationPlatforms) = postSolution
		{EF720ABF-B9D9-4B69-B74F-2F5987F39B7C}.Debug|Any CPU.ActiveCfg = Debug|Any CPU
		{EF720ABF-B9D9-4B69-B74F-2F5987F39B7C}.Debug|Any CPU.Build.0 = Debug|Any CPU
		{EF720ABF-B9D9-4B69-B74F-2F5987F39B7C}.Release|Any CPU.ActiveCfg = Release|Any CPU
		{EF720ABF-B9D9-4B69-B74F-2F5987F39B7C}.Release|Any CPU.Build.0 = Release|Any CPU
		{2F00E759-9ECA-4B56-B098-906C1D9F1B02}.Debug|Any CPU.ActiveCfg = Debug|Any CPU
		{2F00E759-9ECA-4B56-B098-906C1D9F1B02}.Debug|Any CPU.Build.0 = Debug|Any CPU
		{2F00E759-9ECA-4B56-B098-906C1D9F1B02}.Release|Any CPU.ActiveCfg = Release|Any CPU
		{2F00E759-9ECA-4B56-B098-906C1D9F1B02}.Release|Any CPU.Build.0 = Release|Any CPU
	EndGlobalSection
	GlobalSection(SolutionProperties) = preSolution
		HideSolutionNode = FALSE
	EndGlobalSection
	GlobalSection(ExtensibilityGlobals) = postSolution
		SolutionGuid = {91EB5258-86E9-4C24-A61A-3FC1DA9D7BE6}
	EndGlobalSection
EndGlobal
